# THIS IS AN AUTOGENERATED FILE. DO NOT EDIT THIS FILE DIRECTLY.
# yarn lockfile v1


jquery-validation@^1.19.3:
  version "1.19.3"
  resolved "https://registry.yarnpkg.com/jquery-validation/-/jquery-validation-1.19.3.tgz#50b350eba8b02bcfd119ba15f199487b7eb64086"
  integrity sha512-iXxCS5W7STthSTMFX/NDZfWHBLbJ1behVK3eAgHXAV8/0vRa9M4tiqHvJMr39VGWHMGdlkhrtrkBuaL2UlE8yw==
